{
  "name": "google-review-scraper",
  "version": "1.0.0",
  "lockfileVersion": 3,
  "requires": true,
  "packages": {
    "": {
      "name": "google-review-scraper",
      "version": "1.0.0",
      "license": "ISC",
      "dependencies": {
        "google-maps-review-scraper": "^1.4.0"
      }
    },
    "node_modules/google-maps-review-scraper": {
      "version": "1.4.0",
      "resolved": "https://registry.npmjs.org/google-maps-review-scraper/-/google-maps-review-scraper-1.4.0.tgz",
      "integrity": "sha512-AOTwjPfmsPkLXO1p3BZmQBkFxZmzIUGwYv75Tx14Kt9U9UKAimBJhpEUufeQOZTf4RlShmhufvmCMmAv/FjMgQ==",
      "dependencies": {
        "hex2dec": "^1.1.2"
      }
    },
    "node_modules/hex2dec": {
      "version": "1.1.2",
      "resolved": "https://registry.npmjs.org/hex2dec/-/hex2dec-1.1.2.tgz",
      "integrity": "sha512-Yu+q/XWr2fFQ11tHxPq4p4EiNkb2y+lAacJNhAdRXVfRIcDH6gi7htWFnnlIzvqHMHoWeIsfXlNAjZInpAOJDA=="
    }
  }
}
